
Microsoft Visual Studio Solution File, Format Version 12.00
# Visual Studio Version 17
VisualStudioVersion = 17.14.36212.18
MinimumVisualStudioVersion = 10.0.40219.1
Project("{FAE04EC0-301F-11D3-BF4B-00C04F79EFBC}") = "SqlProcessor", "Processors\SqlProcessor\SqlProcessor.csproj", "{A5FC3EC3-DB80-03F9-5D5B-7656E905D1CF}"
EndProject
Project("{FAE04EC0-301F-11D3-BF4B-00C04F79EFBC}") = "SqlProcessor.Tests", "Processors\SqlProcessor.Tests\SqlProcessor.Tests.csproj", "{CDC93A9A-7AD8-7B2F-85AC-EA99EDB228A4}"
EndProject
Project("{FAE04EC0-301F-11D3-BF4B-00C04F79EFBC}") = "QueryReview.Mcp.Client", "Mcps\QueryReview.Mcp.Client\QueryReview.Mcp.Client.csproj", "{D47F47F8-BC1E-3E0F-D6D0-CF009E876D3A}"
EndProject
Project("{FAE04EC0-301F-11D3-BF4B-00C04F79EFBC}") = "QueryReview.Mcp.Server", "Mcps\QueryReview.Mcp.Server\QueryReview.Mcp.Server.csproj", "{77F8DC55-EFD4-9273-7C28-2B8848137597}"
EndProject
Project("{2150E333-8FDC-42A3-9474-1A3956D46DE8}") = "Mcps", "Mcps", "{02EA681E-C7D8-13C7-8484-4AC65E1B71E8}"
EndProject
Project("{2150E333-8FDC-42A3-9474-1A3956D46DE8}") = "Analyzers", "Analyzers", "{8C84C371-85BB-4F56-A4C6-80929A0857B4}"
	ProjectSection(SolutionItems) = preProject
		Analyzers\README.md = Analyzers\README.md
	EndProjectSection
EndProject
Project("{2150E333-8FDC-42A3-9474-1A3956D46DE8}") = "Processors", "Processors", "{1C20D6D2-D297-4114-A4AE-1CF1BCD399E5}"
EndProject
Project("{FAE04EC0-301F-11D3-BF4B-00C04F79EFBC}") = "QueryReview", "Analyzers\QueryReview\QueryReview\QueryReview.csproj", "{323B0ACF-16ED-9424-155D-E38058A9A00C}"
EndProject
Project("{FAE04EC0-301F-11D3-BF4B-00C04F79EFBC}") = "QueryReview.CodeFixes", "Analyzers\QueryReview\QueryReview.CodeFixes\QueryReview.CodeFixes.csproj", "{1DA8D38F-634F-FAAC-BFCC-65190344FA4A}"
EndProject
Project("{FAE04EC0-301F-11D3-BF4B-00C04F79EFBC}") = "QueryReview.Showcase", "Analyzers\QueryReview\QueryReview.Showcase\QueryReview.Showcase.csproj", "{6F013646-4717-C46A-8E71-98FD129DCA9F}"
EndProject
Project("{FAE04EC0-301F-11D3-BF4B-00C04F79EFBC}") = "QueryReviewAnalyzer.Tests", "Analyzers\QueryReview\QueryReviewAnalyzer.Tests\QueryReviewAnalyzer.Tests.csproj", "{C793CA39-842D-C73C-70A3-F55ACE14615A}"
EndProject
Project("{2150E333-8FDC-42A3-9474-1A3956D46DE8}") = "SqlQuery", "SqlQuery", "{B764718B-DE90-47CF-8DC6-9492F9BC34F0}"
EndProject
Project("{2150E333-8FDC-42A3-9474-1A3956D46DE8}") = "BestPractices", "BestPractices", "{E2C04CBE-EAAC-46FA-95FA-CB9C1034E2CA}"
EndProject
Project("{FAE04EC0-301F-11D3-BF4B-00C04F79EFBC}") = "BestPractices", "Analyzers\BestPractices\BestPractices\BestPractices.csproj", "{B37D14A1-5BAE-C521-BE2C-E462DD24DDEB}"
EndProject
Project("{FAE04EC0-301F-11D3-BF4B-00C04F79EFBC}") = "BestPractices.CodeFixes", "Analyzers\BestPractices\BestPractices.CodeFixes\BestPractices.CodeFixes.csproj", "{0F79E182-F252-A4EF-54FD-087F78652DEA}"
EndProject
Project("{FAE04EC0-301F-11D3-BF4B-00C04F79EFBC}") = "BestPractices.Tests", "Analyzers\BestPractices\BestPractices.Tests\BestPractices.Tests.csproj", "{926EE96D-4FA0-414E-5FBE-F9BEF6FFDD99}"
EndProject
Project("{FAE04EC0-301F-11D3-BF4B-00C04F79EFBC}") = "AnalyzersHelper", "Analyzers\AnalyzersHelper\AnalyzersHelper.csproj", "{94607B36-23F0-43D6-A7C1-8851FBDBC7C3}"
EndProject
Project("{FAE04EC0-301F-11D3-BF4B-00C04F79EFBC}") = "BestPractices.Showcase", "Analyzers\BestPractices\BestPractices.Showcase\BestPractices.Showcase.csproj", "{5CEE0777-77CC-4B13-A40C-0CF835E25743}"
EndProject
Global
	GlobalSection(SolutionConfigurationPlatforms) = preSolution
		Debug|Any CPU = Debug|Any CPU
		Release|Any CPU = Release|Any CPU
	EndGlobalSection
	GlobalSection(ProjectConfigurationPlatforms) = postSolution
		{A5FC3EC3-DB80-03F9-5D5B-7656E905D1CF}.Debug|Any CPU.ActiveCfg = Debug|Any CPU
		{A5FC3EC3-DB80-03F9-5D5B-7656E905D1CF}.Debug|Any CPU.Build.0 = Debug|Any CPU
		{A5FC3EC3-DB80-03F9-5D5B-7656E905D1CF}.Release|Any CPU.ActiveCfg = Release|Any CPU
		{A5FC3EC3-DB80-03F9-5D5B-7656E905D1CF}.Release|Any CPU.Build.0 = Release|Any CPU
		{CDC93A9A-7AD8-7B2F-85AC-EA99EDB228A4}.Debug|Any CPU.ActiveCfg = Debug|Any CPU
		{CDC93A9A-7AD8-7B2F-85AC-EA99EDB228A4}.Debug|Any CPU.Build.0 = Debug|Any CPU
		{CDC93A9A-7AD8-7B2F-85AC-EA99EDB228A4}.Release|Any CPU.ActiveCfg = Release|Any CPU
		{CDC93A9A-7AD8-7B2F-85AC-EA99EDB228A4}.Release|Any CPU.Build.0 = Release|Any CPU
		{D47F47F8-BC1E-3E0F-D6D0-CF009E876D3A}.Debug|Any CPU.ActiveCfg = Debug|Any CPU
		{D47F47F8-BC1E-3E0F-D6D0-CF009E876D3A}.Debug|Any CPU.Build.0 = Debug|Any CPU
		{D47F47F8-BC1E-3E0F-D6D0-CF009E876D3A}.Release|Any CPU.ActiveCfg = Release|Any CPU
		{D47F47F8-BC1E-3E0F-D6D0-CF009E876D3A}.Release|Any CPU.Build.0 = Release|Any CPU
		{77F8DC55-EFD4-9273-7C28-2B8848137597}.Debug|Any CPU.ActiveCfg = Debug|Any CPU
		{77F8DC55-EFD4-9273-7C28-2B8848137597}.Debug|Any CPU.Build.0 = Debug|Any CPU
		{77F8DC55-EFD4-9273-7C28-2B8848137597}.Release|Any CPU.ActiveCfg = Release|Any CPU
		{77F8DC55-EFD4-9273-7C28-2B8848137597}.Release|Any CPU.Build.0 = Release|Any CPU
		{323B0ACF-16ED-9424-155D-E38058A9A00C}.Debug|Any CPU.ActiveCfg = Debug|Any CPU
		{323B0ACF-16ED-9424-155D-E38058A9A00C}.Debug|Any CPU.Build.0 = Debug|Any CPU
		{323B0ACF-16ED-9424-155D-E38058A9A00C}.Release|Any CPU.ActiveCfg = Release|Any CPU
		{323B0ACF-16ED-9424-155D-E38058A9A00C}.Release|Any CPU.Build.0 = Release|Any CPU
		{1DA8D38F-634F-FAAC-BFCC-65190344FA4A}.Debug|Any CPU.ActiveCfg = Debug|Any CPU
		{1DA8D38F-634F-FAAC-BFCC-65190344FA4A}.Debug|Any CPU.Build.0 = Debug|Any CPU
		{1DA8D38F-634F-FAAC-BFCC-65190344FA4A}.Release|Any CPU.ActiveCfg = Release|Any CPU
		{1DA8D38F-634F-FAAC-BFCC-65190344FA4A}.Release|Any CPU.Build.0 = Release|Any CPU
		{6F013646-4717-C46A-8E71-98FD129DCA9F}.Debug|Any CPU.ActiveCfg = Debug|Any CPU
		{6F013646-4717-C46A-8E71-98FD129DCA9F}.Debug|Any CPU.Build.0 = Debug|Any CPU
		{6F013646-4717-C46A-8E71-98FD129DCA9F}.Release|Any CPU.ActiveCfg = Release|Any CPU
		{6F013646-4717-C46A-8E71-98FD129DCA9F}.Release|Any CPU.Build.0 = Release|Any CPU
		{C793CA39-842D-C73C-70A3-F55ACE14615A}.Debug|Any CPU.ActiveCfg = Debug|Any CPU
		{C793CA39-842D-C73C-70A3-F55ACE14615A}.Debug|Any CPU.Build.0 = Debug|Any CPU
		{C793CA39-842D-C73C-70A3-F55ACE14615A}.Release|Any CPU.ActiveCfg = Release|Any CPU
		{C793CA39-842D-C73C-70A3-F55ACE14615A}.Release|Any CPU.Build.0 = Release|Any CPU
		{B37D14A1-5BAE-C521-BE2C-E462DD24DDEB}.Debug|Any CPU.ActiveCfg = Debug|Any CPU
		{B37D14A1-5BAE-C521-BE2C-E462DD24DDEB}.Debug|Any CPU.Build.0 = Debug|Any CPU
		{B37D14A1-5BAE-C521-BE2C-E462DD24DDEB}.Release|Any CPU.ActiveCfg = Release|Any CPU
		{B37D14A1-5BAE-C521-BE2C-E462DD24DDEB}.Release|Any CPU.Build.0 = Release|Any CPU
		{0F79E182-F252-A4EF-54FD-087F78652DEA}.Debug|Any CPU.ActiveCfg = Debug|Any CPU
		{0F79E182-F252-A4EF-54FD-087F78652DEA}.Debug|Any CPU.Build.0 = Debug|Any CPU
		{0F79E182-F252-A4EF-54FD-087F78652DEA}.Release|Any CPU.ActiveCfg = Release|Any CPU
		{0F79E182-F252-A4EF-54FD-087F78652DEA}.Release|Any CPU.Build.0 = Release|Any CPU
		{926EE96D-4FA0-414E-5FBE-F9BEF6FFDD99}.Debug|Any CPU.ActiveCfg = Debug|Any CPU
		{926EE96D-4FA0-414E-5FBE-F9BEF6FFDD99}.Debug|Any CPU.Build.0 = Debug|Any CPU
		{926EE96D-4FA0-414E-5FBE-F9BEF6FFDD99}.Release|Any CPU.ActiveCfg = Release|Any CPU
		{926EE96D-4FA0-414E-5FBE-F9BEF6FFDD99}.Release|Any CPU.Build.0 = Release|Any CPU
		{94607B36-23F0-43D6-A7C1-8851FBDBC7C3}.Debug|Any CPU.ActiveCfg = Debug|Any CPU
		{94607B36-23F0-43D6-A7C1-8851FBDBC7C3}.Debug|Any CPU.Build.0 = Debug|Any CPU
		{94607B36-23F0-43D6-A7C1-8851FBDBC7C3}.Release|Any CPU.ActiveCfg = Release|Any CPU
		{94607B36-23F0-43D6-A7C1-8851FBDBC7C3}.Release|Any CPU.Build.0 = Release|Any CPU
		{5CEE0777-77CC-4B13-A40C-0CF835E25743}.Debug|Any CPU.ActiveCfg = Debug|Any CPU
		{5CEE0777-77CC-4B13-A40C-0CF835E25743}.Debug|Any CPU.Build.0 = Debug|Any CPU
		{5CEE0777-77CC-4B13-A40C-0CF835E25743}.Release|Any CPU.ActiveCfg = Release|Any CPU
		{5CEE0777-77CC-4B13-A40C-0CF835E25743}.Release|Any CPU.Build.0 = Release|Any CPU
	EndGlobalSection
	GlobalSection(SolutionProperties) = preSolution
		HideSolutionNode = FALSE
	EndGlobalSection
	GlobalSection(NestedProjects) = preSolution
		{A5FC3EC3-DB80-03F9-5D5B-7656E905D1CF} = {1C20D6D2-D297-4114-A4AE-1CF1BCD399E5}
		{CDC93A9A-7AD8-7B2F-85AC-EA99EDB228A4} = {1C20D6D2-D297-4114-A4AE-1CF1BCD399E5}
		{D47F47F8-BC1E-3E0F-D6D0-CF009E876D3A} = {02EA681E-C7D8-13C7-8484-4AC65E1B71E8}
		{77F8DC55-EFD4-9273-7C28-2B8848137597} = {02EA681E-C7D8-13C7-8484-4AC65E1B71E8}
		{323B0ACF-16ED-9424-155D-E38058A9A00C} = {B764718B-DE90-47CF-8DC6-9492F9BC34F0}
		{1DA8D38F-634F-FAAC-BFCC-65190344FA4A} = {B764718B-DE90-47CF-8DC6-9492F9BC34F0}
		{6F013646-4717-C46A-8E71-98FD129DCA9F} = {B764718B-DE90-47CF-8DC6-9492F9BC34F0}
		{C793CA39-842D-C73C-70A3-F55ACE14615A} = {B764718B-DE90-47CF-8DC6-9492F9BC34F0}
		{B764718B-DE90-47CF-8DC6-9492F9BC34F0} = {8C84C371-85BB-4F56-A4C6-80929A0857B4}
		{E2C04CBE-EAAC-46FA-95FA-CB9C1034E2CA} = {8C84C371-85BB-4F56-A4C6-80929A0857B4}
		{B37D14A1-5BAE-C521-BE2C-E462DD24DDEB} = {E2C04CBE-EAAC-46FA-95FA-CB9C1034E2CA}
		{0F79E182-F252-A4EF-54FD-087F78652DEA} = {E2C04CBE-EAAC-46FA-95FA-CB9C1034E2CA}
		{926EE96D-4FA0-414E-5FBE-F9BEF6FFDD99} = {E2C04CBE-EAAC-46FA-95FA-CB9C1034E2CA}
		{94607B36-23F0-43D6-A7C1-8851FBDBC7C3} = {8C84C371-85BB-4F56-A4C6-80929A0857B4}
		{5CEE0777-77CC-4B13-A40C-0CF835E25743} = {E2C04CBE-EAAC-46FA-95FA-CB9C1034E2CA}
	EndGlobalSection
	GlobalSection(ExtensibilityGlobals) = postSolution
		SolutionGuid = {92DB3302-09D9-4A8A-9C1F-128DA101F54E}
	EndGlobalSection
EndGlobal
