
Microsoft Visual Studio Solution File, Format Version 12.00
# Visual Studio Version 17
VisualStudioVersion = 17.14.36301.6
MinimumVisualStudioVersion = 10.0.40219.1
Project("{FAE04EC0-301F-11D3-BF4B-00C04F79EFBC}") = "QueryReview.Mcp.Client", "QueryReview.Mcp.Client\QueryReview.Mcp.Client.csproj", "{98D24536-5C15-2611-CB18-F7D4462D0BB6}"
EndProject
Project("{FAE04EC0-301F-11D3-BF4B-00C04F79EFBC}") = "QueryReview.Mcp.Server", "QueryReview.Mcp.Server\QueryReview.Mcp.Server.csproj", "{B9C17722-5ACB-5335-F891-18139962F2EF}"
EndProject
Global
	GlobalSection(SolutionConfigurationPlatforms) = preSolution
		Debug|Any CPU = Debug|Any CPU
		Release|Any CPU = Release|Any CPU
	EndGlobalSection
	GlobalSection(ProjectConfigurationPlatforms) = postSolution
		{98D24536-5C15-2611-CB18-F7D4462D0BB6}.Debug|Any CPU.ActiveCfg = Debug|Any CPU
		{98D24536-5C15-2611-CB18-F7D4462D0BB6}.Debug|Any CPU.Build.0 = Debug|Any CPU
		{98D24536-5C15-2611-CB18-F7D4462D0BB6}.Release|Any CPU.ActiveCfg = Release|Any CPU
		{98D24536-5C15-2611-CB18-F7D4462D0BB6}.Release|Any CPU.Build.0 = Release|Any CPU
		{B9C17722-5ACB-5335-F891-18139962F2EF}.Debug|Any CPU.ActiveCfg = Debug|Any CPU
		{B9C17722-5ACB-5335-F891-18139962F2EF}.Debug|Any CPU.Build.0 = Debug|Any CPU
		{B9C17722-5ACB-5335-F891-18139962F2EF}.Release|Any CPU.ActiveCfg = Release|Any CPU
		{B9C17722-5ACB-5335-F891-18139962F2EF}.Release|Any CPU.Build.0 = Release|Any CPU
	EndGlobalSection
	GlobalSection(SolutionProperties) = preSolution
		HideSolutionNode = FALSE
	EndGlobalSection
	GlobalSection(ExtensibilityGlobals) = postSolution
		SolutionGuid = {CFA0E270-8868-434D-B3E9-1DDCC9B478D3}
	EndGlobalSection
EndGlobal
